// !$*UTF8*$!
{
	archiveVersion = 1;
	classes = {
	};
	objectVersion = 77;
	objects = {

/* Begin PBXContainerItemProxy section */
		F683EF4D2E40195D00E7C4CF /* PBXContainerItemProxy */ = {
			isa = PBXContainerItemProxy;
			containerPortal = F683EF322E40195C00E7C4CF /* Project object */;
			proxyType = 1;
			remoteGlobalIDString = F683EF392E40195C00E7C4CF;
			remoteInfo = "Little Lemon";
		};
		F683EF572E40195D00E7C4CF /* PBXContainerItemProxy */ = {
			isa = PBXContainerItemProxy;
			containerPortal = F683EF322E40195C00E7C4CF /* Project object */;
			proxyType = 1;
			remoteGlobalIDString = F683EF392E40195C00E7C4CF;
			remoteInfo = "Little Lemon";
		};
/* End PBXContainerItemProxy section */

/* Begin PBXFileReference section */
		F683EF3A2E40195C00E7C4CF /* Little Lemon.app */ = {isa = PBXFileReference; explicitFileType = wrapper.application; includeInIndex = 0; path = "Little Lemon.app"; sourceTree = BUILT_PRODUCTS_DIR; };
		F683EF4C2E40195D00E7C4CF /* Little LemonTests.xctest */ = {isa = PBXFileReference; explicitFileType = wrapper.cfbundle; includeInIndex = 0; path = "Little LemonTests.xctest"; sourceTree = BUILT_PRODUCTS_DIR; };
		F683EF562E40195D00E7C4CF /* Little LemonUITests.xctest */ = {isa = PBXFileReference; explicitFileType = wrapper.cfbundle; includeInIndex = 0; path = "Little LemonUITests.xctest"; sourceTree = BUILT_PRODUCTS_DIR; };
/* End PBXFileReference section */

/* Begin PBXFileSystemSynchronizedRootGroup section */
		F683EF3C2E40195C00E7C4CF /* Little Lemon */ = {
			isa = PBXFileSystemSynchronizedRootGroup;
			path = "Little Lemon";
			sourceTree = "<group>";
		};
		F683EF4F2E40195D00E7C4CF /* Little LemonTests */ = {
			isa = PBXFileSystemSynchronizedRootGroup;
			path = "Little LemonTests";
			sourceTree = "<group>";
		};
		F683EF592E40195D00E7C4CF /* Little LemonUITests */ = {
			isa = PBXFileSystemSynchronizedRootGroup;
			path = "Little LemonUITests";
			sourceTree = "<group>";
		};
/* End PBXFileSystemSynchronizedRootGroup section */

/* Begin PBXFrameworksBuildPhase section */
		F683EF372E40195C00E7C4CF /* Frameworks */ = {
			isa = PBXFrameworksBuildPhase;
			buildActionMask = 2147483647;
			files = (
			);
			runOnlyForDeploymentPostprocessing = 0;
		};
		F683EF492E40195D00E7C4CF /* Frameworks */ = {
			isa = PBXFrameworksBuildPhase;
			buildActionMask = 2147483647;
			files = (
			);
			runOnlyForDeploymentPostprocessing = 0;
		};
		F683EF532E40195D00E7C4CF /* Frameworks */ = {
			isa = PBXFrameworksBuildPhase;
			buildActionMask = 2147483647;
			files = (
			);
			runOnlyForDeploymentPostprocessing = 0;
		};
/* End PBXFrameworksBuildPhase section */

/* Begin PBXGroup section */
		F683EF312E40195C00E7C4CF = {
			isa = PBXGroup;
			children = (
				F683EF3C2E40195C00E7C4CF /* Little Lemon */,
				F683EF4F2E40195D00E7C4CF /* Little LemonTests */,
				F683EF592E40195D00E7C4CF /* Little LemonUITests */,
				F683EF3B2E40195C00E7C4CF /* Products */,
			);
			sourceTree = "<group>";
		};
		F683EF3B2E40195C00E7C4CF /* Products */ = {
			isa = PBXGroup;
			children = (
				F683EF3A2E40195C00E7C4CF /* Little Lemon.app */,
				F683EF4C2E40195D00E7C4CF /* Little LemonTests.xctest */,
				F683EF562E40195D00E7C4CF /* Little LemonUITests.xctest */,
			);
			name = Products;
			sourceTree = "<group>";
		};
/* End PBXGroup section */

/* Begin PBXNativeTarget section */
		F683EF392E40195C00E7C4CF /* Little Lemon */ = {
			isa = PBXNativeTarget;
			buildConfigurationList = F683EF602E40195D00E7C4CF /* Build configuration list for PBXNativeTarget "Little Lemon" */;
			buildPhases = (
				F683EF362E40195C00E7C4CF /* Sources */,
				F683EF372E40195C00E7C4CF /* Frameworks */,
				F683EF382E40195C00E7C4CF /* Resources */,
			);
			buildRules = (
			);
			dependencies = (
			);
			fileSystemSynchronizedGroups = (
				F683EF3C2E40195C00E7C4CF /* Little Lemon */,
			);
			name = "Little Lemon";
			packageProductDependencies = (
			);
			productName = "Little Lemon";
			productReference = F683EF3A2E40195C00E7C4CF /* Little Lemon.app */;
			productType = "com.apple.product-type.application";
		};
		F683EF4B2E40195D00E7C4CF /* Little LemonTests */ = {
			isa = PBXNativeTarget;
			buildConfigurationList = F683EF632E40195D00E7C4CF /* Build configuration list for PBXNativeTarget "Little LemonTests" */;
			buildPhases = (
				F683EF482E40195D00E7C4CF /* Sources */,
				F683EF492E40195D00E7C4CF /* Frameworks */,
				F683EF4A2E40195D00E7C4CF /* Resources */,
			);
			buildRules = (
			);
			dependencies = (
				F683EF4E2E40195D00E7C4CF /* PBXTargetDependency */,
			);
			fileSystemSynchronizedGroups = (
				F683EF4F2E40195D00E7C4CF /* Little LemonTests */,
			);
			name = "Little LemonTests";
			packageProductDependencies = (
			);
			productName = "Little LemonTests";
			productReference = F683EF4C2E40195D00E7C4CF /* Little LemonTests.xctest */;
			productType = "com.apple.product-type.bundle.unit-test";
		};
		F683EF552E40195D00E7C4CF /* Little LemonUITests */ = {
			isa = PBXNativeTarget;
			buildConfigurationList = F683EF662E40195D00E7C4CF /* Build configuration list for PBXNativeTarget "Little LemonUITests" */;
			buildPhases = (
				F683EF522E40195D00E7C4CF /* Sources */,
				F683EF532E40195D00E7C4CF /* Frameworks */,
				F683EF542E40195D00E7C4CF /* Resources */,
			);
			buildRules = (
			);
			dependencies = (
				F683EF582E40195D00E7C4CF /* PBXTargetDependency */,
			);
			fileSystemSynchronizedGroups = (
				F683EF592E40195D00E7C4CF /* Little LemonUITests */,
			);
			name = "Little LemonUITests";
			packageProductDependencies = (
			);
			productName = "Little LemonUITests";
			productReference = F683EF562E40195D00E7C4CF /* Little LemonUITests.xctest */;
			productType = "com.apple.product-type.bundle.ui-testing";
		};
/* End PBXNativeTarget section */

/* Begin PBXProject section */
		F683EF322E40195C00E7C4CF /* Project object */ = {
			isa = PBXProject;
			attributes = {
				BuildIndependentTargetsInParallel = 1;
				LastSwiftUpdateCheck = 1640;
				LastUpgradeCheck = 1640;
				TargetAttributes = {
					F683EF392E40195C00E7C4CF = {
						CreatedOnToolsVersion = 16.4;
					};
					F683EF4B2E40195D00E7C4CF = {
						CreatedOnToolsVersion = 16.4;
						TestTargetID = F683EF392E40195C00E7C4CF;
					};
					F683EF552E40195D00E7C4CF = {
						CreatedOnToolsVersion = 16.4;
						TestTargetID = F683EF392E40195C00E7C4CF;
					};
				};
			};
			buildConfigurationList = F683EF352E40195C00E7C4CF /* Build configuration list for PBXProject "Little Lemon" */;
			developmentRegion = en;
			hasScannedForEncodings = 0;
			knownRegions = (
				en,
				Base,
			);
			mainGroup = F683EF312E40195C00E7C4CF;
			minimizedProjectReferenceProxies = 1;
			preferredProjectObjectVersion = 77;
			productRefGroup = F683EF3B2E40195C00E7C4CF /* Products */;
			projectDirPath = "";
			projectRoot = "";
			targets = (
				F683EF392E40195C00E7C4CF /* Little Lemon */,
				F683EF4B2E40195D00E7C4CF /* Little LemonTests */,
				F683EF552E40195D00E7C4CF /* Little LemonUITests */,
			);
		};
/* End PBXProject section */

/* Begin PBXResourcesBuildPhase section */
		F683EF382E40195C00E7C4CF /* Resources */ = {
			isa = PBXResourcesBuildPhase;
			buildActionMask = 2147483647;
			files = (
			);
			runOnlyForDeploymentPostprocessing = 0;
		};
		F683EF4A2E40195D00E7C4CF /* Resources */ = {
			isa = PBXResourcesBuildPhase;
			buildActionMask = 2147483647;
			files = (
			);
			runOnlyForDeploymentPostprocessing = 0;
		};
		F683EF542E40195D00E7C4CF /* Resources */ = {
			isa = PBXResourcesBuildPhase;
			buildActionMask = 2147483647;
			files = (
			);
			runOnlyForDeploymentPostprocessing = 0;
		};
/* End PBXResourcesBuildPhase section */

/* Begin PBXSourcesBuildPhase section */
		F683EF362E40195C00E7C4CF /* Sources */ = {
			isa = PBXSourcesBuildPhase;
			buildActionMask = 2147483647;
			files = (
			);
			runOnlyForDeploymentPostprocessing = 0;
		};
		F683EF482E40195D00E7C4CF /* Sources */ = {
			isa = PBXSourcesBuildPhase;
			buildActionMask = 2147483647;
			files = (
			);
			runOnlyForDeploymentPostprocessing = 0;
		};
		F683EF522E40195D00E7C4CF /* Sources */ = {
			isa = PBXSourcesBuildPhase;
			buildActionMask = 2147483647;
			files = (
			);
			runOnlyForDeploymentPostprocessing = 0;
		};
/* End PBXSourcesBuildPhase section */

/* Begin PBXTargetDependency section */
		F683EF4E2E40195D00E7C4CF /* PBXTargetDependency */ = {
			isa = PBXTargetDependency;
			target = F683EF392E40195C00E7C4CF /* Little Lemon */;
			targetProxy = F683EF4D2E40195D00E7C4CF /* PBXContainerItemProxy */;
		};
		F683EF582E40195D00E7C4CF /* PBXTargetDependency */ = {
			isa = PBXTargetDependency;
			target = F683EF392E40195C00E7C4CF /* Little Lemon */;
			targetProxy = F683EF572E40195D00E7C4CF /* PBXContainerItemProxy */;
		};
/* End PBXTargetDependency section */

/* Begin XCBuildConfiguration section */
		F683EF5E2E40195D00E7C4CF /* Debug */ = {
			isa = XCBuildConfiguration;
			buildSettings = {
				ALWAYS_SEARCH_USER_PATHS = NO;
				ASSETCATALOG_COMPILER_GENERATE_SWIFT_ASSET_SYMBOL_EXTENSIONS = YES;
				CLANG_ANALYZER_NONNULL = YES;
				CLANG_ANALYZER_NUMBER_OBJECT_CONVERSION = YES_AGGRESSIVE;
				CLANG_CXX_LANGUAGE_STANDARD = "gnu++20";
				CLANG_ENABLE_MODULES = YES;
				CLANG_ENABLE_OBJC_ARC = YES;
				CLANG_ENABLE_OBJC_WEAK = YES;
				CLANG_WARN_BLOCK_CAPTURE_AUTORELEASING = YES;
				CLANG_WARN_BOOL_CONVERSION = YES;
				CLANG_WARN_COMMA = YES;
				CLANG_WARN_CONSTANT_CONVERSION = YES;
				CLANG_WARN_DEPRECATED_OBJC_IMPLEMENTATIONS = YES;
				CLANG_WARN_DIRECT_OBJC_ISA_USAGE = YES_ERROR;
				CLANG_WARN_DOCUMENTATION_COMMENTS = YES;
				CLANG_WARN_EMPTY_BODY = YES;
				CLANG_WARN_ENUM_CONVERSION = YES;
				CLANG_WARN_INFINITE_RECURSION = YES;
				CLANG_WARN_INT_CONVERSION = YES;
				CLANG_WARN_NON_LITERAL_NULL_CONVERSION = YES;
				CLANG_WARN_OBJC_IMPLICIT_RETAIN_SELF = YES;
				CLANG_WARN_OBJC_LITERAL_CONVERSION = YES;
				CLANG_WARN_OBJC_ROOT_CLASS = YES_ERROR;
				CLANG_WARN_QUOTED_INCLUDE_IN_FRAMEWORK_HEADER = YES;
				CLANG_WARN_RANGE_LOOP_ANALYSIS = YES;
				CLANG_WARN_STRICT_PROTOTYPES = YES;
				CLANG_WARN_SUSPICIOUS_MOVE = YES;
				CLANG_WARN_UNGUARDED_AVAILABILITY = YES_AGGRESSIVE;
				CLANG_WARN_UNREACHABLE_CODE = YES;
				CLANG_WARN__DUPLICATE_METHOD_MATCH = YES;
				COPY_PHASE_STRIP = NO;
				DEBUG_INFORMATION_FORMAT = dwarf;
				ENABLE_STRICT_OBJC_MSGSEND = YES;
				ENABLE_TESTABILITY = YES;
				ENABLE_USER_SCRIPT_SANDBOXING = YES;
				GCC_C_LANGUAGE_STANDARD = gnu17;
				GCC_DYNAMIC_NO_PIC = NO;
				GCC_NO_COMMON_BLOCKS = YES;
				GCC_OPTIMIZATION_LEVEL = 0;
				GCC_PREPROCESSOR_DEFINITIONS = (
					"DEBUG=1",
					"$(inherited)",
				);
				GCC_WARN_64_TO_32_BIT_CONVERSION = YES;
				GCC_WARN_ABOUT_RETURN_TYPE = YES_ERROR;
				GCC_WARN_UNDECLARED_SELECTOR = YES;
				GCC_WARN_UNINITIALIZED_AUTOS = YES_AGGRESSIVE;
				GCC_WARN_UNUSED_FUNCTION = YES;
				GCC_WARN_UNUSED_VARIABLE = YES;
				IPHONEOS_DEPLOYMENT_TARGET = 18.5;
				LOCALIZATION_PREFERS_STRING_CATALOGS = YES;
				MTL_ENABLE_DEBUG_INFO = INCLUDE_SOURCE;
				MTL_FAST_MATH = YES;
				ONLY_ACTIVE_ARCH = YES;
				SDKROOT = iphoneos;
				SWIFT_ACTIVE_COMPILATION_CONDITIONS = "DEBUG $(inherited)";
				SWIFT_OPTIMIZATION_LEVEL = "-Onone";
			};
			name = Debug;
		};
		F683EF5F2E40195D00E7C4CF /* Release */ = {
			isa = XCBuildConfiguration;
			buildSettings = {
				ALWAYS_SEARCH_USER_PATHS = NO;
				ASSETCATALOG_COMPILER_GENERATE_SWIFT_ASSET_SYMBOL_EXTENSIONS = YES;
				CLANG_ANALYZER_NONNULL = YES;
				CLANG_ANALYZER_NUMBER_OBJECT_CONVERSION = YES_AGGRESSIVE;
				CLANG_CXX_LANGUAGE_STANDARD = "gnu++20";
				CLANG_ENABLE_MODULES = YES;
				CLANG_ENABLE_OBJC_ARC = YES;
				CLANG_ENABLE_OBJC_WEAK = YES;
				CLANG_WARN_BLOCK_CAPTURE_AUTORELEASING = YES;
				CLANG_WARN_BOOL_CONVERSION = YES;
				CLANG_WARN_COMMA = YES;
				CLANG_WARN_CONSTANT_CONVERSION = YES;
				CLANG_WARN_DEPRECATED_OBJC_IMPLEMENTATIONS = YES;
				CLANG_WARN_DIRECT_OBJC_ISA_USAGE = YES_ERROR;
				CLANG_WARN_DOCUMENTATION_COMMENTS = YES;
				CLANG_WARN_EMPTY_BODY = YES;
				CLANG_WARN_ENUM_CONVERSION = YES;
				CLANG_WARN_INFINITE_RECURSION = YES;
				CLANG_WARN_INT_CONVERSION = YES;
				CLANG_WARN_NON_LITERAL_NULL_CONVERSION = YES;
				CLANG_WARN_OBJC_IMPLICIT_RETAIN_SELF = YES;
				CLANG_WARN_OBJC_LITERAL_CONVERSION = YES;
				CLANG_WARN_OBJC_ROOT_CLASS = YES_ERROR;
				CLANG_WARN_QUOTED_INCLUDE_IN_FRAMEWORK_HEADER = YES;
				CLANG_WARN_RANGE_LOOP_ANALYSIS = YES;
				CLANG_WARN_STRICT_PROTOTYPES = YES;
				CLANG_WARN_SUSPICIOUS_MOVE = YES;
				CLANG_WARN_UNGUARDED_AVAILABILITY = YES_AGGRESSIVE;
				CLANG_WARN_UNREACHABLE_CODE = YES;
				CLANG_WARN__DUPLICATE_METHOD_MATCH = YES;
				COPY_PHASE_STRIP = NO;
				DEBUG_INFORMATION_FORMAT = "dwarf-with-dsym";
				ENABLE_NS_ASSERTIONS = NO;
				ENABLE_STRICT_OBJC_MSGSEND = YES;
				ENABLE_USER_SCRIPT_SANDBOXING = YES;
				GCC_C_LANGUAGE_STANDARD = gnu17;
				GCC_NO_COMMON_BLOCKS = YES;
				GCC_WARN_64_TO_32_BIT_CONVERSION = YES;
				GCC_WARN_ABOUT_RETURN_TYPE = YES_ERROR;
				GCC_WARN_UNDECLARED_SELECTOR = YES;
				GCC_WARN_UNINITIALIZED_AUTOS = YES_AGGRESSIVE;
				GCC_WARN_UNUSED_FUNCTION = YES;
				GCC_WARN_UNUSED_VARIABLE = YES;
				IPHONEOS_DEPLOYMENT_TARGET = 18.5;
				LOCALIZATION_PREFERS_STRING_CATALOGS = YES;
				MTL_ENABLE_DEBUG_INFO = NO;
				MTL_FAST_MATH = YES;
				SDKROOT = iphoneos;
				SWIFT_COMPILATION_MODE = wholemodule;
				VALIDATE_PRODUCT = YES;
			};
			name = Release;
		};
		F683EF612E40195D00E7C4CF /* Debug */ = {
			isa = XCBuildConfiguration;
			buildSettings = {
				ASSETCATALOG_COMPILER_APPICON_NAME = AppIcon;
				ASSETCATALOG_COMPILER_GLOBAL_ACCENT_COLOR_NAME = AccentColor;
				CODE_SIGN_STYLE = Automatic;
				CURRENT_PROJECT_VERSION = 1;
				ENABLE_PREVIEWS = YES;
				GENERATE_INFOPLIST_FILE = YES;
				INFOPLIST_KEY_UIApplicationSceneManifest_Generation = YES;
				INFOPLIST_KEY_UIApplicationSupportsIndirectInputEvents = YES;
				INFOPLIST_KEY_UILaunchScreen_Generation = YES;
				INFOPLIST_KEY_UISupportedInterfaceOrientations_iPad = "UIInterfaceOrientationPortrait UIInterfaceOrientationPortraitUpsideDown UIInterfaceOrientationLandscapeLeft UIInterfaceOrientationLandscapeRight";
				INFOPLIST_KEY_UISupportedInterfaceOrientations_iPhone = "UIInterfaceOrientationPortrait UIInterfaceOrientationLandscapeLeft UIInterfaceOrientationLandscapeRight";
				LD_RUNPATH_SEARCH_PATHS = (
					"$(inherited)",
					"@executable_path/Frameworks",
				);
				MARKETING_VERSION = 1.0;
				PRODUCT_BUNDLE_IDENTIFIER = "com.your-company.Little-Lemon";
				PRODUCT_NAME = "$(TARGET_NAME)";
				SWIFT_EMIT_LOC_STRINGS = YES;
				SWIFT_VERSION = 5.0;
				TARGETED_DEVICE_FAMILY = "1,2";
			};
			name = Debug;
		};
		F683EF622E40195D00E7C4CF /* Release */ = {
			isa = XCBuildConfiguration;
			buildSettings = {
				ASSETCATALOG_COMPILER_APPICON_NAME = AppIcon;
				ASSETCATALOG_COMPILER_GLOBAL_ACCENT_COLOR_NAME = AccentColor;
				CODE_SIGN_STYLE = Automatic;
				CURRENT_PROJECT_VERSION = 1;
				ENABLE_PREVIEWS = YES;
				GENERATE_INFOPLIST_FILE = YES;
				INFOPLIST_KEY_UIApplicationSceneManifest_Generation = YES;
				INFOPLIST_KEY_UIApplicationSupportsIndirectInputEvents = YES;
				INFOPLIST_KEY_UILaunchScreen_Generation = YES;
				INFOPLIST_KEY_UISupportedInterfaceOrientations_iPad = "UIInterfaceOrientationPortrait UIInterfaceOrientationPortraitUpsideDown UIInterfaceOrientationLandscapeLeft UIInterfaceOrientationLandscapeRight";
				INFOPLIST_KEY_UISupportedInterfaceOrientations_iPhone = "UIInterfaceOrientationPortrait UIInterfaceOrientationLandscapeLeft UIInterfaceOrientationLandscapeRight";
				LD_RUNPATH_SEARCH_PATHS = (
					"$(inherited)",
					"@executable_path/Frameworks",
				);
				MARKETING_VERSION = 1.0;
				PRODUCT_BUNDLE_IDENTIFIER = "com.your-company.Little-Lemon";
				PRODUCT_NAME = "$(TARGET_NAME)";
				SWIFT_EMIT_LOC_STRINGS = YES;
				SWIFT_VERSION = 5.0;
				TARGETED_DEVICE_FAMILY = "1,2";
			};
			name = Release;
		};
		F683EF642E40195D00E7C4CF /* Debug */ = {
			isa = XCBuildConfiguration;
			buildSettings = {
				BUNDLE_LOADER = "$(TEST_HOST)";
				CODE_SIGN_STYLE = Automatic;
				CURRENT_PROJECT_VERSION = 1;
				GENERATE_INFOPLIST_FILE = YES;
				IPHONEOS_DEPLOYMENT_TARGET = 18.5;
				MARKETING_VERSION = 1.0;
				PRODUCT_BUNDLE_IDENTIFIER = "com.your-company.Little-LemonTests";
				PRODUCT_NAME = "$(TARGET_NAME)";
				SWIFT_EMIT_LOC_STRINGS = NO;
				SWIFT_VERSION = 5.0;
				TARGETED_DEVICE_FAMILY = "1,2";
				TEST_HOST = "$(BUILT_PRODUCTS_DIR)/Little Lemon.app/$(BUNDLE_EXECUTABLE_FOLDER_PATH)/Little Lemon";
			};
			name = Debug;
		};
		F683EF652E40195D00E7C4CF /* Release */ = {
			isa = XCBuildConfiguration;
			buildSettings = {
				BUNDLE_LOADER = "$(TEST_HOST)";
				CODE_SIGN_STYLE = Automatic;
				CURRENT_PROJECT_VERSION = 1;
				GENERATE_INFOPLIST_FILE = YES;
				IPHONEOS_DEPLOYMENT_TARGET = 18.5;
				MARKETING_VERSION = 1.0;
				PRODUCT_BUNDLE_IDENTIFIER = "com.your-company.Little-LemonTests";
				PRODUCT_NAME = "$(TARGET_NAME)";
				SWIFT_EMIT_LOC_STRINGS = NO;
				SWIFT_VERSION = 5.0;
				TARGETED_DEVICE_FAMILY = "1,2";
				TEST_HOST = "$(BUILT_PRODUCTS_DIR)/Little Lemon.app/$(BUNDLE_EXECUTABLE_FOLDER_PATH)/Little Lemon";
			};
			name = Release;
		};
		F683EF672E40195D00E7C4CF /* Debug */ = {
			isa = XCBuildConfiguration;
			buildSettings = {
				CODE_SIGN_STYLE = Automatic;
				CURRENT_PROJECT_VERSION = 1;
				GENERATE_INFOPLIST_FILE = YES;
				MARKETING_VERSION = 1.0;
				PRODUCT_BUNDLE_IDENTIFIER = "com.your-company.Little-LemonUITests";
				PRODUCT_NAME = "$(TARGET_NAME)";
				SWIFT_EMIT_LOC_STRINGS = NO;
				SWIFT_VERSION = 5.0;
				TARGETED_DEVICE_FAMILY = "1,2";
				TEST_TARGET_NAME = "Little Lemon";
			};
			name = Debug;
		};
		F683EF682E40195D00E7C4CF /* Release */ = {
			isa = XCBuildConfiguration;
			buildSettings = {
				CODE_SIGN_STYLE = Automatic;
				CURRENT_PROJECT_VERSION = 1;
				GENERATE_INFOPLIST_FILE = YES;
				MARKETING_VERSION = 1.0;
				PRODUCT_BUNDLE_IDENTIFIER = "com.your-company.Little-LemonUITests";
				PRODUCT_NAME = "$(TARGET_NAME)";
				SWIFT_EMIT_LOC_STRINGS = NO;
				SWIFT_VERSION = 5.0;
				TARGETED_DEVICE_FAMILY = "1,2";
				TEST_TARGET_NAME = "Little Lemon";
			};
			name = Release;
		};
/* End XCBuildConfiguration section */

/* Begin XCConfigurationList section */
		F683EF352E40195C00E7C4CF /* Build configuration list for PBXProject "Little Lemon" */ = {
			isa = XCConfigurationList;
			buildConfigurations = (
				F683EF5E2E40195D00E7C4CF /* Debug */,
				F683EF5F2E40195D00E7C4CF /* Release */,
			);
			defaultConfigurationIsVisible = 0;
			defaultConfigurationName = Release;
		};
		F683EF602E40195D00E7C4CF /* Build configuration list for PBXNativeTarget "Little Lemon" */ = {
			isa = XCConfigurationList;
			buildConfigurations = (
				F683EF612E40195D00E7C4CF /* Debug */,
				F683EF622E40195D00E7C4CF /* Release */,
			);
			defaultConfigurationIsVisible = 0;
			defaultConfigurationName = Release;
		};
		F683EF632E40195D00E7C4CF /* Build configuration list for PBXNativeTarget "Little LemonTests" */ = {
			isa = XCConfigurationList;
			buildConfigurations = (
				F683EF642E40195D00E7C4CF /* Debug */,
				F683EF652E40195D00E7C4CF /* Release */,
			);
			defaultConfigurationIsVisible = 0;
			defaultConfigurationName = Release;
		};
		F683EF662E40195D00E7C4CF /* Build configuration list for PBXNativeTarget "Little LemonUITests" */ = {
			isa = XCConfigurationList;
			buildConfigurations = (
				F683EF672E40195D00E7C4CF /* Debug */,
				F683EF682E40195D00E7C4CF /* Release */,
			);
			defaultConfigurationIsVisible = 0;
			defaultConfigurationName = Release;
		};
/* End XCConfigurationList section */
	};
	rootObject = F683EF322E40195C00E7C4CF /* Project object */;
}
